
Microsoft Visual Studio Solution File, Format Version 11.00
# Visual Studio 2010
Project("{FAE04EC0-301F-11D3-BF4B-00C04F79EFBC}") = "ZRAPI", "ZRAPI\ZRAPI.csproj", "{2562CE23-8790-4035-8822-1FF5F6657CD3}"
EndProject
Project("{FAE04EC0-301F-11D3-BF4B-00C04F79EFBC}") = "ZipRecruiter.JobAlertsAPI", "ZipRecruiter\ZipRecruiter.JobAlertsAPI.csproj", "{7C73A2D0-5D7A-4755-A26B-8FCA49DA9BB7}"
EndProject
Global
	GlobalSection(SolutionConfigurationPlatforms) = preSolution
		Debug|x86 = Debug|x86
		Release|x86 = Release|x86
	EndGlobalSection
	GlobalSection(ProjectConfigurationPlatforms) = postSolution
		{2562CE23-8790-4035-8822-1FF5F6657CD3}.Debug|x86.ActiveCfg = Debug|x86
		{2562CE23-8790-4035-8822-1FF5F6657CD3}.Debug|x86.Build.0 = Debug|x86
		{2562CE23-8790-4035-8822-1FF5F6657CD3}.Release|x86.ActiveCfg = Release|x86
		{2562CE23-8790-4035-8822-1FF5F6657CD3}.Release|x86.Build.0 = Release|x86
		{7C73A2D0-5D7A-4755-A26B-8FCA49DA9BB7}.Debug|x86.ActiveCfg = Debug|Any CPU
		{7C73A2D0-5D7A-4755-A26B-8FCA49DA9BB7}.Debug|x86.Build.0 = Debug|Any CPU
		{7C73A2D0-5D7A-4755-A26B-8FCA49DA9BB7}.Release|x86.ActiveCfg = Release|Any CPU
		{7C73A2D0-5D7A-4755-A26B-8FCA49DA9BB7}.Release|x86.Build.0 = Release|Any CPU
	EndGlobalSection
	GlobalSection(MonoDevelopProperties) = preSolution
		StartupItem = ZRAPI\ZRAPI.csproj
		version = 0.2
	EndGlobalSection
EndGlobal
